
Microsoft Visual Studio Solution File, Format Version 12.00
# Visual Studio Version 17
VisualStudioVersion = 17.9.34622.214
MinimumVisualStudioVersion = 10.0.40219.1
Project("{FAE04EC0-301F-11D3-BF4B-00C04F79EFBC}") = "shambhaviassignment1", "shambhaviassignment1\shambhaviassignment1.csproj", "{132B0C19-BD5A-4349-A844-0FB6C6E9E261}"
EndProject
Global
	GlobalSection(SolutionConfigurationPlatforms) = preSolution
		Debug|Any CPU = Debug|Any CPU
		Release|Any CPU = Release|Any CPU
	EndGlobalSection
	GlobalSection(ProjectConfigurationPlatforms) = postSolution
		{132B0C19-BD5A-4349-A844-0FB6C6E9E261}.Debug|Any CPU.ActiveCfg = Debug|Any CPU
		{132B0C19-BD5A-4349-A844-0FB6C6E9E261}.Debug|Any CPU.Build.0 = Debug|Any CPU
		{132B0C19-BD5A-4349-A844-0FB6C6E9E261}.Release|Any CPU.ActiveCfg = Release|Any CPU
		{132B0C19-BD5A-4349-A844-0FB6C6E9E261}.Release|Any CPU.Build.0 = Release|Any CPU
	EndGlobalSection
	GlobalSection(SolutionProperties) = preSolution
		HideSolutionNode = FALSE
	EndGlobalSection
	GlobalSection(ExtensibilityGlobals) = postSolution
		SolutionGuid = {2C2A8745-C78B-429F-A1AA-619C0C1F184A}
	EndGlobalSection
EndGlobal
